
Microsoft Visual Studio Solution File, Format Version 12.00
# Visual Studio 15
VisualStudioVersion = 15.0.28307.1705
MinimumVisualStudioVersion = 10.0.40219.1
Project("{8BC9CEB8-8B4A-11D0-8D11-00A0C91BC942}") = "StaticTimer", "StaticTimer\StaticTimer.vcxproj", "{00BCFF07-A8F0-42F9-9482-151FD4A25FFA}"
EndProject
Project("{8BC9CEB8-8B4A-11D0-8D11-00A0C91BC942}") = "StaticTimerTest", "StaticTimerTest\StaticTimerTest.vcxproj", "{07544993-CA76-4DF7-85ED-C3E402EF04B5}"
EndProject
Project("{8BC9CEB8-8B4A-11D0-8D11-00A0C91BC942}") = "DynamicTimer", "DynamicTimer\DynamicTimer.vcxproj", "{68380259-6638-4734-BCD0-DD7C9D87F117}"
EndProject
Project("{8BC9CEB8-8B4A-11D0-8D11-00A0C91BC942}") = "DynamicTimerTest", "DynamicTimerTest\DynamicTimerTest.vcxproj", "{DC6589EE-CFEB-47B3-A48D-0AAB6C768894}"
EndProject
Global
	GlobalSection(SolutionConfigurationPlatforms) = preSolution
		Debug|x64 = Debug|x64
		Release|x64 = Release|x64
	EndGlobalSection
	GlobalSection(ProjectConfigurationPlatforms) = postSolution
		{00BCFF07-A8F0-42F9-9482-151FD4A25FFA}.Debug|x64.ActiveCfg = Debug|x64
		{00BCFF07-A8F0-42F9-9482-151FD4A25FFA}.Debug|x64.Build.0 = Debug|x64
		{00BCFF07-A8F0-42F9-9482-151FD4A25FFA}.Release|x64.ActiveCfg = Release|x64
		{00BCFF07-A8F0-42F9-9482-151FD4A25FFA}.Release|x64.Build.0 = Release|x64
		{07544993-CA76-4DF7-85ED-C3E402EF04B5}.Debug|x64.ActiveCfg = Debug|x64
		{07544993-CA76-4DF7-85ED-C3E402EF04B5}.Debug|x64.Build.0 = Debug|x64
		{07544993-CA76-4DF7-85ED-C3E402EF04B5}.Release|x64.ActiveCfg = Release|x64
		{07544993-CA76-4DF7-85ED-C3E402EF04B5}.Release|x64.Build.0 = Release|x64
		{68380259-6638-4734-BCD0-DD7C9D87F117}.Debug|x64.ActiveCfg = Debug|x64
		{68380259-6638-4734-BCD0-DD7C9D87F117}.Debug|x64.Build.0 = Debug|x64
		{68380259-6638-4734-BCD0-DD7C9D87F117}.Release|x64.ActiveCfg = Release|x64
		{68380259-6638-4734-BCD0-DD7C9D87F117}.Release|x64.Build.0 = Release|x64
		{DC6589EE-CFEB-47B3-A48D-0AAB6C768894}.Debug|x64.ActiveCfg = Debug|x64
		{DC6589EE-CFEB-47B3-A48D-0AAB6C768894}.Debug|x64.Build.0 = Debug|x64
		{DC6589EE-CFEB-47B3-A48D-0AAB6C768894}.Release|x64.ActiveCfg = Release|x64
		{DC6589EE-CFEB-47B3-A48D-0AAB6C768894}.Release|x64.Build.0 = Release|x64
	EndGlobalSection
	GlobalSection(SolutionProperties) = preSolution
		HideSolutionNode = FALSE
	EndGlobalSection
	GlobalSection(ExtensibilityGlobals) = postSolution
		SolutionGuid = {08A60AAB-F97A-4A01-B65F-876592CFCCA6}
	EndGlobalSection
EndGlobal
